
Microsoft Visual Studio Solution File, Format Version 12.00
# Visual Studio 14
VisualStudioVersion = 14.0.25420.1
MinimumVisualStudioVersion = 10.0.40219.1
Project("{8BC9CEB8-8B4A-11D0-8D11-00A0C91BC942}") = "MegaMan", "MegaMan\MegaMan.vcxproj", "{2EDC767F-5C0C-4E6A-B246-4DF30E586F2D}"
EndProject
Project("{8BC9CEB8-8B4A-11D0-8D11-00A0C91BC942}") = "SFramework", "SFrameWork\SFrameWork.vcxproj", "{499FA6F6-EB4B-413C-9FDF-14F978BD7257}"
EndProject
Project("{8BC9CEB8-8B4A-11D0-8D11-00A0C91BC942}") = "ConsoleApplication2", "ConsoleApplication2\ConsoleApplication2.vcxproj", "{1FD35C8F-AA47-4939-970A-12E4CF4DF3C0}"
EndProject
Global
	GlobalSection(SolutionConfigurationPlatforms) = preSolution
		Debug|Win32 = Debug|Win32
		Debug|x64 = Debug|x64
		Release|Win32 = Release|Win32
		Release|x64 = Release|x64
	EndGlobalSection
	GlobalSection(ProjectConfigurationPlatforms) = postSolution
		{2EDC767F-5C0C-4E6A-B246-4DF30E586F2D}.Debug|Win32.ActiveCfg = Debug|Win32
		{2EDC767F-5C0C-4E6A-B246-4DF30E586F2D}.Debug|Win32.Build.0 = Debug|Win32
		{2EDC767F-5C0C-4E6A-B246-4DF30E586F2D}.Debug|x64.ActiveCfg = Debug|Win32
		{2EDC767F-5C0C-4E6A-B246-4DF30E586F2D}.Release|Win32.ActiveCfg = Release|Win32
		{2EDC767F-5C0C-4E6A-B246-4DF30E586F2D}.Release|Win32.Build.0 = Release|Win32
		{2EDC767F-5C0C-4E6A-B246-4DF30E586F2D}.Release|x64.ActiveCfg = Release|Win32
		{499FA6F6-EB4B-413C-9FDF-14F978BD7257}.Debug|Win32.ActiveCfg = Debug|Win32
		{499FA6F6-EB4B-413C-9FDF-14F978BD7257}.Debug|Win32.Build.0 = Debug|Win32
		{499FA6F6-EB4B-413C-9FDF-14F978BD7257}.Debug|x64.ActiveCfg = Debug|Win32
		{499FA6F6-EB4B-413C-9FDF-14F978BD7257}.Release|Win32.ActiveCfg = Release|Win32
		{499FA6F6-EB4B-413C-9FDF-14F978BD7257}.Release|Win32.Build.0 = Release|Win32
		{499FA6F6-EB4B-413C-9FDF-14F978BD7257}.Release|x64.ActiveCfg = Release|Win32
		{1FD35C8F-AA47-4939-970A-12E4CF4DF3C0}.Debug|Win32.ActiveCfg = Debug|Win32
		{1FD35C8F-AA47-4939-970A-12E4CF4DF3C0}.Debug|Win32.Build.0 = Debug|Win32
		{1FD35C8F-AA47-4939-970A-12E4CF4DF3C0}.Debug|x64.ActiveCfg = Debug|x64
		{1FD35C8F-AA47-4939-970A-12E4CF4DF3C0}.Debug|x64.Build.0 = Debug|x64
		{1FD35C8F-AA47-4939-970A-12E4CF4DF3C0}.Release|Win32.ActiveCfg = Release|Win32
		{1FD35C8F-AA47-4939-970A-12E4CF4DF3C0}.Release|Win32.Build.0 = Release|Win32
		{1FD35C8F-AA47-4939-970A-12E4CF4DF3C0}.Release|x64.ActiveCfg = Release|x64
		{1FD35C8F-AA47-4939-970A-12E4CF4DF3C0}.Release|x64.Build.0 = Release|x64
	EndGlobalSection
	GlobalSection(SolutionProperties) = preSolution
		HideSolutionNode = FALSE
	EndGlobalSection
EndGlobal
