<?xml version="1.0" encoding="utf-8"?>
<Project ToolsVersion="4.0" xmlns="http://schemas.microsoft.com/developer/msbuild/2003">
  <ItemGroup>
    <Filter Include="Source Files">
      <UniqueIdentifier>{4FC737F1-C7A5-4376-A066-2A32D752A2FF}</UniqueIdentifier>
      <Extensions>cpp;c;cc;cxx;def;odl;idl;hpj;bat;asm;asmx</Extensions>
    </Filter>
    <Filter Include="Header Files">
      <UniqueIdentifier>{93995380-89BD-4b04-88EB-625FBE52EBFB}</UniqueIdentifier>
      <Extensions>h;hh;hpp;hxx;hm;inl;inc;xsd</Extensions>
    </Filter>
    <Filter Include="Resource Files">
      <UniqueIdentifier>{67DA6AB6-F800-4c08-8B7A-83BB121AAD01}</UniqueIdentifier>
      <Extensions>rc;ico;cur;bmp;dlg;rc2;rct;bin;rgs;gif;jpg;jpeg;jpe;resx;tiff;tif;png;wav;mfcribbon-ms</Extensions>
    </Filter>
    <Filter Include="Header Files\Characters">
      <UniqueIdentifier>{88e32388-49e9-4c96-b01a-83fccd16b986}</UniqueIdentifier>
    </Filter>
    <Filter Include="Source Files\Characters">
      <UniqueIdentifier>{766ef409-aa47-475c-b142-70ba92046d80}</UniqueIdentifier>
    </Filter>
    <Filter Include="Source Files\Map">
      <UniqueIdentifier>{580ce935-4d09-4c1f-80d5-c7e344bb938f}</UniqueIdentifier>
    </Filter>
    <Filter Include="Header Files\Map">
      <UniqueIdentifier>{7e29e13c-097e-42af-bc84-059de2be6f15}</UniqueIdentifier>
    </Filter>
  </ItemGroup>
  <ItemGroup>
    <ClInclude Include="MegaManUtilities.h">
      <Filter>Header Files</Filter>
    </ClInclude>
    <ClInclude Include="GameObject\MegaMan.h">
      <Filter>Header Files\Characters</Filter>
    </ClInclude>
    <ClInclude Include="Map\MapOne.h">
      <Filter>Header Files\Map</Filter>
    </ClInclude>
    <ClInclude Include="GameObject\State\GameState.h">
      <Filter>Header Files</Filter>
    </ClInclude>
    <ClInclude Include="GameObject\State\MegaManIdleState.h">
      <Filter>Header Files</Filter>
    </ClInclude>
    <ClInclude Include="GameObject\State\MegaManRunningState.h">
      <Filter>Header Files</Filter>
    </ClInclude>
    <ClInclude Include="GameObject\State\MegaManJumpingState.h">
      <Filter>Header Files</Filter>
    </ClInclude>
    <ClInclude Include="GameObject\State\MegaManClimbingState.h">
      <Filter>Header Files</Filter>
    </ClInclude>
    <ClInclude Include="GameObject\State\MegaManClimbingIdleState.h">
      <Filter>Header Files</Filter>
    </ClInclude>
  </ItemGroup>
  <ItemGroup>
    <ClCompile Include="WinMain.cpp">
      <Filter>Source Files</Filter>
    </ClCompile>
    <ClCompile Include="GameObject\MegaMan.cpp">
      <Filter>Source Files\Characters</Filter>
    </ClCompile>
    <ClCompile Include="Map\MapOne.cpp">
      <Filter>Source Files\Map</Filter>
    </ClCompile>
    <ClCompile Include="GameObject\State\GameState.cpp">
      <Filter>Source Files</Filter>
    </ClCompile>
    <ClCompile Include="GameObject\State\MegaManIdleState.cpp">
      <Filter>Source Files</Filter>
    </ClCompile>
    <ClCompile Include="GameObject\State\MegaManRunningState.cpp">
      <Filter>Source Files</Filter>
    </ClCompile>
    <ClCompile Include="GameObject\State\MegaManJumpingState.cpp">
      <Filter>Source Files</Filter>
    </ClCompile>
    <ClCompile Include="GameObject\State\MegaManClimbingState.cpp">
      <Filter>Source Files</Filter>
    </ClCompile>
    <ClCompile Include="GameObject\State\MegaManClimbingIdleState.cpp">
      <Filter>Source Files</Filter>
    </ClCompile>
  </ItemGroup>
  <ItemGroup>
    <None Include="packages.config" />
  </ItemGroup>
</Project>